
Microsoft Visual Studio Solution File, Format Version 12.00
# Visual Studio Version 16
VisualStudioVersion = 16.0.31129.286
MinimumVisualStudioVersion = 10.0.40219.1
Project("{FAE04EC0-301F-11D3-BF4B-00C04F79EFBC}") = "skyline-patcher", "skyline-patcher\skyline-patcher.csproj", "{EC9FB8DA-B501-4424-ADB6-7B2AAAFD176A}"
EndProject
Global
	GlobalSection(SolutionConfigurationPlatforms) = preSolution
		Debug|Any CPU = Debug|Any CPU
		Release|Any CPU = Release|Any CPU
	EndGlobalSection
	GlobalSection(ProjectConfigurationPlatforms) = postSolution
		{EC9FB8DA-B501-4424-ADB6-7B2AAAFD176A}.Debug|Any CPU.ActiveCfg = Debug|Any CPU
		{EC9FB8DA-B501-4424-ADB6-7B2AAAFD176A}.Debug|Any CPU.Build.0 = Debug|Any CPU
		{EC9FB8DA-B501-4424-ADB6-7B2AAAFD176A}.Release|Any CPU.ActiveCfg = Release|Any CPU
		{EC9FB8DA-B501-4424-ADB6-7B2AAAFD176A}.Release|Any CPU.Build.0 = Release|Any CPU
	EndGlobalSection
	GlobalSection(SolutionProperties) = preSolution
		HideSolutionNode = FALSE
	EndGlobalSection
	GlobalSection(ExtensibilityGlobals) = postSolution
		SolutionGuid = {445CB79E-11E5-49CF-878A-C7CAD5BC8D79}
	EndGlobalSection
EndGlobal
